
Microsoft Visual Studio Solution File, Format Version 12.00
# Visual Studio Version 17
VisualStudioVersion = 17.0.31903.59
MinimumVisualStudioVersion = 10.0.40219.1
Project("{9A19103F-16F7-4668-BE54-9A1E7A4F7556}") = "People.Entities", "People.Entities\People.Entities.csproj", "{B5DA0E79-D275-4C63-BD8D-8CAF3023388B}"
EndProject
Project("{9A19103F-16F7-4668-BE54-9A1E7A4F7556}") = "People.ServiceContracts", "People.ServiceContracts\People.ServiceContracts.csproj", "{717BEB16-2F23-4389-BCE1-66A603ACF748}"
EndProject
Project("{9A19103F-16F7-4668-BE54-9A1E7A4F7556}") = "People.Services", "People.Services\People.Services.csproj", "{4D2A23C8-6C5D-49CC-9BA3-ED410690123E}"
EndProject
Project("{9A19103F-16F7-4668-BE54-9A1E7A4F7556}") = "People.Tests", "People.Tests\People.Tests.csproj", "{EDD805E2-7DA1-4841-980F-8D7BDDEF230D}"
EndProject
Project("{9A19103F-16F7-4668-BE54-9A1E7A4F7556}") = "People.Web", "People.Web\People.Web.csproj", "{C9A38D66-4AF7-4148-8B04-90D21C8599C7}"
EndProject
Global
	GlobalSection(SolutionConfigurationPlatforms) = preSolution
		Debug|Any CPU = Debug|Any CPU
		Release|Any CPU = Release|Any CPU
	EndGlobalSection
	GlobalSection(ProjectConfigurationPlatforms) = postSolution
		{B5DA0E79-D275-4C63-BD8D-8CAF3023388B}.Debug|Any CPU.ActiveCfg = Debug|Any CPU
		{B5DA0E79-D275-4C63-BD8D-8CAF3023388B}.Debug|Any CPU.Build.0 = Debug|Any CPU
		{B5DA0E79-D275-4C63-BD8D-8CAF3023388B}.Release|Any CPU.ActiveCfg = Release|Any CPU
		{B5DA0E79-D275-4C63-BD8D-8CAF3023388B}.Release|Any CPU.Build.0 = Release|Any CPU
		{717BEB16-2F23-4389-BCE1-66A603ACF748}.Debug|Any CPU.ActiveCfg = Debug|Any CPU
		{717BEB16-2F23-4389-BCE1-66A603ACF748}.Debug|Any CPU.Build.0 = Debug|Any CPU
		{717BEB16-2F23-4389-BCE1-66A603ACF748}.Release|Any CPU.ActiveCfg = Release|Any CPU
		{717BEB16-2F23-4389-BCE1-66A603ACF748}.Release|Any CPU.Build.0 = Release|Any CPU
		{4D2A23C8-6C5D-49CC-9BA3-ED410690123E}.Debug|Any CPU.ActiveCfg = Debug|Any CPU
		{4D2A23C8-6C5D-49CC-9BA3-ED410690123E}.Debug|Any CPU.Build.0 = Debug|Any CPU
		{4D2A23C8-6C5D-49CC-9BA3-ED410690123E}.Release|Any CPU.ActiveCfg = Release|Any CPU
		{4D2A23C8-6C5D-49CC-9BA3-ED410690123E}.Release|Any CPU.Build.0 = Release|Any CPU
		{EDD805E2-7DA1-4841-980F-8D7BDDEF230D}.Debug|Any CPU.ActiveCfg = Debug|Any CPU
		{EDD805E2-7DA1-4841-980F-8D7BDDEF230D}.Debug|Any CPU.Build.0 = Debug|Any CPU
		{EDD805E2-7DA1-4841-980F-8D7BDDEF230D}.Release|Any CPU.ActiveCfg = Release|Any CPU
		{EDD805E2-7DA1-4841-980F-8D7BDDEF230D}.Release|Any CPU.Build.0 = Release|Any CPU
		{C9A38D66-4AF7-4148-8B04-90D21C8599C7}.Debug|Any CPU.ActiveCfg = Debug|Any CPU
		{C9A38D66-4AF7-4148-8B04-90D21C8599C7}.Debug|Any CPU.Build.0 = Debug|Any CPU
		{C9A38D66-4AF7-4148-8B04-90D21C8599C7}.Release|Any CPU.ActiveCfg = Release|Any CPU
		{C9A38D66-4AF7-4148-8B04-90D21C8599C7}.Release|Any CPU.Build.0 = Release|Any CPU
	EndGlobalSection
	GlobalSection(SolutionProperties) = preSolution
		HideSolutionNode = FALSE
	EndGlobalSection
	GlobalSection(ExtensibilityGlobals) = postSolution
		SolutionGuid = {632F2EB1-4E79-426C-ACB8-D8FDA4453D1B}
	EndGlobalSection
EndGlobal
